
Microsoft Visual Studio Solution File, Format Version 12.00
# Visual Studio Version 16
VisualStudioVersion = 16.0.30907.101
MinimumVisualStudioVersion = 10.0.40219.1
Project("{FAE04EC0-301F-11D3-BF4B-00C04F79EFBC}") = "CarRental4", "CarRental4\CarRental4.csproj", "{E5DED10B-E323-476D-B92A-444817160A05}"
EndProject
Project("{E24C65DC-7377-472B-9ABA-BC803B73C61A}") = "AngularApp", "AngularApp\", "{65C0A49C-315A-46E2-89D3-65DCD7FEC593}"
	ProjectSection(WebsiteProperties) = preProject
		TargetFrameworkMoniker = ".NETFramework,Version%3Dv4.0"
		Debug.AspNetCompiler.VirtualPath = "/localhost_59800"
		Debug.AspNetCompiler.PhysicalPath = "AngularApp\"
		Debug.AspNetCompiler.TargetPath = "PrecompiledWeb\localhost_59800\"
		Debug.AspNetCompiler.Updateable = "true"
		Debug.AspNetCompiler.ForceOverwrite = "true"
		Debug.AspNetCompiler.FixedNames = "false"
		Debug.AspNetCompiler.Debug = "True"
		Release.AspNetCompiler.VirtualPath = "/localhost_59800"
		Release.AspNetCompiler.PhysicalPath = "AngularApp\"
		Release.AspNetCompiler.TargetPath = "PrecompiledWeb\localhost_59800\"
		Release.AspNetCompiler.Updateable = "true"
		Release.AspNetCompiler.ForceOverwrite = "true"
		Release.AspNetCompiler.FixedNames = "false"
		Release.AspNetCompiler.Debug = "False"
		VWDPort = "59800"
		SlnRelativePath = "AngularApp\"
	EndProjectSection
EndProject
Global
	GlobalSection(SolutionConfigurationPlatforms) = preSolution
		Debug|Any CPU = Debug|Any CPU
		Release|Any CPU = Release|Any CPU
	EndGlobalSection
	GlobalSection(ProjectConfigurationPlatforms) = postSolution
		{E5DED10B-E323-476D-B92A-444817160A05}.Debug|Any CPU.ActiveCfg = Debug|Any CPU
		{E5DED10B-E323-476D-B92A-444817160A05}.Debug|Any CPU.Build.0 = Debug|Any CPU
		{E5DED10B-E323-476D-B92A-444817160A05}.Release|Any CPU.ActiveCfg = Release|Any CPU
		{E5DED10B-E323-476D-B92A-444817160A05}.Release|Any CPU.Build.0 = Release|Any CPU
		{65C0A49C-315A-46E2-89D3-65DCD7FEC593}.Debug|Any CPU.ActiveCfg = Debug|Any CPU
		{65C0A49C-315A-46E2-89D3-65DCD7FEC593}.Debug|Any CPU.Build.0 = Debug|Any CPU
		{65C0A49C-315A-46E2-89D3-65DCD7FEC593}.Release|Any CPU.ActiveCfg = Debug|Any CPU
		{65C0A49C-315A-46E2-89D3-65DCD7FEC593}.Release|Any CPU.Build.0 = Debug|Any CPU
	EndGlobalSection
	GlobalSection(SolutionProperties) = preSolution
		HideSolutionNode = FALSE
	EndGlobalSection
	GlobalSection(ExtensibilityGlobals) = postSolution
		SolutionGuid = {ADC19D63-30B9-45A2-8B1B-C33812A79BE9}
	EndGlobalSection
EndGlobal
